
Microsoft Visual Studio Solution File, Format Version 12.00
# Visual Studio Version 17
VisualStudioVersion = 17.14.36623.8
MinimumVisualStudioVersion = 10.0.40219.1
Project("{FAE04EC0-301F-11D3-BF4B-00C04F79EFBC}") = "geo-auth", "geo-auth\geo-auth.csproj", "{9FCB9233-FD49-D194-D273-B10A787EAC8B}"
EndProject
Project("{FAE04EC0-301F-11D3-BF4B-00C04F79EFBC}") = "GeoAuth.Shared", "GeoAuth.Shared\GeoAuth.Shared.csproj", "{DF768286-7D56-4AD9-92C4-29036021BC7F}"
EndProject
Project("{FAE04EC0-301F-11D3-BF4B-00C04F79EFBC}") = "GeoAuth.Infrastructure.Azure", "GeoAuth.Infrastructure.Azure\GeoAuth.Infrastructure.Azure.csproj", "{ADC497A4-05A8-449F-9490-054E5FBA64BC}"
EndProject
Project("{FAE04EC0-301F-11D3-BF4B-00C04F79EFBC}") = "GeoAuth.Infrastructure", "GeoAuth.Infrastructure\GeoAuth.Infrastructure.csproj", "{FDCF6229-815E-4F2F-86B9-4E7D2A0A5B4A}"
EndProject
Project("{FAE04EC0-301F-11D3-BF4B-00C04F79EFBC}") = "GeoAuth.Tests", "GeoAuth.Tests\GeoAuth.Tests.csproj", "{063673AF-D5FF-4AA2-93B6-CA46AB7CA677}"
EndProject
Global
	GlobalSection(SolutionConfigurationPlatforms) = preSolution
		Debug|Any CPU = Debug|Any CPU
		Debug|x64 = Debug|x64
		Debug|x86 = Debug|x86
		Release|Any CPU = Release|Any CPU
		Release|x64 = Release|x64
		Release|x86 = Release|x86
	EndGlobalSection
	GlobalSection(ProjectConfigurationPlatforms) = postSolution
		{9FCB9233-FD49-D194-D273-B10A787EAC8B}.Debug|Any CPU.ActiveCfg = Debug|Any CPU
		{9FCB9233-FD49-D194-D273-B10A787EAC8B}.Debug|Any CPU.Build.0 = Debug|Any CPU
		{9FCB9233-FD49-D194-D273-B10A787EAC8B}.Debug|x64.ActiveCfg = Debug|Any CPU
		{9FCB9233-FD49-D194-D273-B10A787EAC8B}.Debug|x64.Build.0 = Debug|Any CPU
		{9FCB9233-FD49-D194-D273-B10A787EAC8B}.Debug|x86.ActiveCfg = Debug|Any CPU
		{9FCB9233-FD49-D194-D273-B10A787EAC8B}.Debug|x86.Build.0 = Debug|Any CPU
		{9FCB9233-FD49-D194-D273-B10A787EAC8B}.Release|Any CPU.ActiveCfg = Release|Any CPU
		{9FCB9233-FD49-D194-D273-B10A787EAC8B}.Release|Any CPU.Build.0 = Release|Any CPU
		{9FCB9233-FD49-D194-D273-B10A787EAC8B}.Release|x64.ActiveCfg = Release|Any CPU
		{9FCB9233-FD49-D194-D273-B10A787EAC8B}.Release|x64.Build.0 = Release|Any CPU
		{9FCB9233-FD49-D194-D273-B10A787EAC8B}.Release|x86.ActiveCfg = Release|Any CPU
		{9FCB9233-FD49-D194-D273-B10A787EAC8B}.Release|x86.Build.0 = Release|Any CPU
		{DF768286-7D56-4AD9-92C4-29036021BC7F}.Debug|Any CPU.ActiveCfg = Debug|Any CPU
		{DF768286-7D56-4AD9-92C4-29036021BC7F}.Debug|Any CPU.Build.0 = Debug|Any CPU
		{DF768286-7D56-4AD9-92C4-29036021BC7F}.Debug|x64.ActiveCfg = Debug|Any CPU
		{DF768286-7D56-4AD9-92C4-29036021BC7F}.Debug|x64.Build.0 = Debug|Any CPU
		{DF768286-7D56-4AD9-92C4-29036021BC7F}.Debug|x86.ActiveCfg = Debug|Any CPU
		{DF768286-7D56-4AD9-92C4-29036021BC7F}.Debug|x86.Build.0 = Debug|Any CPU
		{DF768286-7D56-4AD9-92C4-29036021BC7F}.Release|Any CPU.ActiveCfg = Release|Any CPU
		{DF768286-7D56-4AD9-92C4-29036021BC7F}.Release|Any CPU.Build.0 = Release|Any CPU
		{DF768286-7D56-4AD9-92C4-29036021BC7F}.Release|x64.ActiveCfg = Release|Any CPU
		{DF768286-7D56-4AD9-92C4-29036021BC7F}.Release|x64.Build.0 = Release|Any CPU
		{DF768286-7D56-4AD9-92C4-29036021BC7F}.Release|x86.ActiveCfg = Release|Any CPU
		{DF768286-7D56-4AD9-92C4-29036021BC7F}.Release|x86.Build.0 = Release|Any CPU
		{ADC497A4-05A8-449F-9490-054E5FBA64BC}.Debug|Any CPU.ActiveCfg = Debug|Any CPU
		{ADC497A4-05A8-449F-9490-054E5FBA64BC}.Debug|Any CPU.Build.0 = Debug|Any CPU
		{ADC497A4-05A8-449F-9490-054E5FBA64BC}.Debug|x64.ActiveCfg = Debug|Any CPU
		{ADC497A4-05A8-449F-9490-054E5FBA64BC}.Debug|x64.Build.0 = Debug|Any CPU
		{ADC497A4-05A8-449F-9490-054E5FBA64BC}.Debug|x86.ActiveCfg = Debug|Any CPU
		{ADC497A4-05A8-449F-9490-054E5FBA64BC}.Debug|x86.Build.0 = Debug|Any CPU
		{ADC497A4-05A8-449F-9490-054E5FBA64BC}.Release|Any CPU.ActiveCfg = Release|Any CPU
		{ADC497A4-05A8-449F-9490-054E5FBA64BC}.Release|Any CPU.Build.0 = Release|Any CPU
		{ADC497A4-05A8-449F-9490-054E5FBA64BC}.Release|x64.ActiveCfg = Release|Any CPU
		{ADC497A4-05A8-449F-9490-054E5FBA64BC}.Release|x64.Build.0 = Release|Any CPU
		{ADC497A4-05A8-449F-9490-054E5FBA64BC}.Release|x86.ActiveCfg = Release|Any CPU
		{ADC497A4-05A8-449F-9490-054E5FBA64BC}.Release|x86.Build.0 = Release|Any CPU
		{FDCF6229-815E-4F2F-86B9-4E7D2A0A5B4A}.Debug|Any CPU.ActiveCfg = Debug|Any CPU
		{FDCF6229-815E-4F2F-86B9-4E7D2A0A5B4A}.Debug|Any CPU.Build.0 = Debug|Any CPU
		{FDCF6229-815E-4F2F-86B9-4E7D2A0A5B4A}.Debug|x64.ActiveCfg = Debug|Any CPU
		{FDCF6229-815E-4F2F-86B9-4E7D2A0A5B4A}.Debug|x64.Build.0 = Debug|Any CPU
		{FDCF6229-815E-4F2F-86B9-4E7D2A0A5B4A}.Debug|x86.ActiveCfg = Debug|Any CPU
		{FDCF6229-815E-4F2F-86B9-4E7D2A0A5B4A}.Debug|x86.Build.0 = Debug|Any CPU
		{FDCF6229-815E-4F2F-86B9-4E7D2A0A5B4A}.Release|Any CPU.ActiveCfg = Release|Any CPU
		{FDCF6229-815E-4F2F-86B9-4E7D2A0A5B4A}.Release|Any CPU.Build.0 = Release|Any CPU
		{FDCF6229-815E-4F2F-86B9-4E7D2A0A5B4A}.Release|x64.ActiveCfg = Release|Any CPU
		{FDCF6229-815E-4F2F-86B9-4E7D2A0A5B4A}.Release|x64.Build.0 = Release|Any CPU
		{FDCF6229-815E-4F2F-86B9-4E7D2A0A5B4A}.Release|x86.ActiveCfg = Release|Any CPU
		{FDCF6229-815E-4F2F-86B9-4E7D2A0A5B4A}.Release|x86.Build.0 = Release|Any CPU
		{063673AF-D5FF-4AA2-93B6-CA46AB7CA677}.Debug|Any CPU.ActiveCfg = Debug|Any CPU
		{063673AF-D5FF-4AA2-93B6-CA46AB7CA677}.Debug|Any CPU.Build.0 = Debug|Any CPU
		{063673AF-D5FF-4AA2-93B6-CA46AB7CA677}.Debug|x64.ActiveCfg = Debug|Any CPU
		{063673AF-D5FF-4AA2-93B6-CA46AB7CA677}.Debug|x64.Build.0 = Debug|Any CPU
		{063673AF-D5FF-4AA2-93B6-CA46AB7CA677}.Debug|x86.ActiveCfg = Debug|Any CPU
		{063673AF-D5FF-4AA2-93B6-CA46AB7CA677}.Debug|x86.Build.0 = Debug|Any CPU
		{063673AF-D5FF-4AA2-93B6-CA46AB7CA677}.Release|Any CPU.ActiveCfg = Release|Any CPU
		{063673AF-D5FF-4AA2-93B6-CA46AB7CA677}.Release|Any CPU.Build.0 = Release|Any CPU
		{063673AF-D5FF-4AA2-93B6-CA46AB7CA677}.Release|x64.ActiveCfg = Release|Any CPU
		{063673AF-D5FF-4AA2-93B6-CA46AB7CA677}.Release|x64.Build.0 = Release|Any CPU
		{063673AF-D5FF-4AA2-93B6-CA46AB7CA677}.Release|x86.ActiveCfg = Release|Any CPU
		{063673AF-D5FF-4AA2-93B6-CA46AB7CA677}.Release|x86.Build.0 = Release|Any CPU
	EndGlobalSection
	GlobalSection(SolutionProperties) = preSolution
		HideSolutionNode = FALSE
	EndGlobalSection
	GlobalSection(ExtensibilityGlobals) = postSolution
		SolutionGuid = {AD9763F0-2D78-4012-B9E0-185C08A31350}
	EndGlobalSection
EndGlobal
